{
  "nodes": {
    "flake-utils": {
      "inputs": {
        "systems": "systems"
      },
      "locked": {
        "lastModified": 1710146030,
        "narHash": "sha256-SZ5L6eA7HJ/nmkzGG7/ISclqe6oZdOZTNoesiInkXPQ=",
        "owner": "numtide",
        "repo": "flake-utils",
        "rev": "b1d9ab70662946ef0850d488da1c9019f3a9752a",
        "type": "github"
      },
      "original": {
        "owner": "numtide",
        "repo": "flake-utils",
        "type": "github"
      }
    },
    "gitignore": {
      "inputs": {
        "nixpkgs": [
          "nixos-rk3588",
          "pre-commit-hooks",
          "nixpkgs"
        ]
      },
      "locked": {
        "lastModified": 1709087332,
        "narHash": "sha256-HG2cCnktfHsKV0s4XW83gU3F57gaTljL9KNSuG6bnQs=",
        "owner": "hercules-ci",
        "repo": "gitignore.nix",
        "rev": "637db329424fd7e46cf4185293b9cc8c88c95394",
        "type": "github"
      },
      "original": {
        "owner": "hercules-ci",
        "repo": "gitignore.nix",
        "type": "github"
      }
    },
    "nixlib": {
      "locked": {
        "lastModified": 1711846064,
        "narHash": "sha256-cqfX0QJNEnge3a77VnytM0Q6QZZ0DziFXt6tSCV8ZSc=",
        "owner": "nix-community",
        "repo": "nixpkgs.lib",
        "rev": "90b1a963ff84dc532db92f678296ff2499a60a87",
        "type": "github"
      },
      "original": {
        "owner": "nix-community",
        "repo": "nixpkgs.lib",
        "type": "github"
      }
    },
    "nixos-generators": {
      "inputs": {
        "nixlib": "nixlib",
        "nixpkgs": [
          "nixos-rk3588",
          "nixpkgs"
        ]
      },
      "locked": {
        "lastModified": 1711932680,
        "narHash": "sha256-CEpVtyB7uyRprTuiG+lpWWMvM/C0CbY/dbBuxT5BDwM=",
        "owner": "nix-community",
        "repo": "nixos-generators",
        "rev": "1f4c32ca4295bb7cca1e48a2f39b65490b249b0b",
        "type": "github"
      },
      "original": {
        "owner": "nix-community",
        "repo": "nixos-generators",
        "type": "github"
      }
    },
    "nixos-rk3588": {
      "inputs": {
        "flake-utils": "flake-utils",
        "nixos-generators": "nixos-generators",
        "nixpkgs": "nixpkgs",
        "pre-commit-hooks": "pre-commit-hooks"
      },
      "locked": {
        "lastModified": 1711336411,
        "narHash": "sha256-0JZPbUB6LjcRilXhZdtsVHtb0V9Vy1bmVjVoeQAPJhQ=",
        "owner": "ryan4yin",
        "repo": "nixos-rk3588",
        "rev": "349f39dcaafeb41250544bcc066db8668a7762ce",
        "type": "github"
      },
      "original": {
        "owner": "ryan4yin",
        "repo": "nixos-rk3588",
        "type": "github"
      }
    },
    "nixpkgs": {
      "locked": {
        "lastModified": 1711668574,
        "narHash": "sha256-u1dfs0ASQIEr1icTVrsKwg2xToIpn7ZXxW3RHfHxshg=",
        "owner": "NixOS",
        "repo": "nixpkgs",
        "rev": "219951b495fc2eac67b1456824cc1ec1fd2ee659",
        "type": "github"
      },
      "original": {
        "owner": "NixOS",
        "ref": "nixos-23.11",
        "repo": "nixpkgs",
        "type": "github"
      }
    },
    "pre-commit-hooks": {
      "inputs": {
        "flake-compat": [
          "nixos-rk3588"
        ],
        "flake-utils": [
          "nixos-rk3588",
          "flake-utils"
        ],
        "gitignore": "gitignore",
        "nixpkgs": [
          "nixos-rk3588",
          "nixpkgs"
        ],
        "nixpkgs-stable": [
          "nixos-rk3588",
          "nixpkgs"
        ]
      },
      "locked": {
        "lastModified": 1712055707,
        "narHash": "sha256-4XLvuSIDZJGS17xEwSrNuJLL7UjDYKGJSbK1WWX2AK8=",
        "owner": "cachix",
        "repo": "pre-commit-hooks.nix",
        "rev": "e35aed5fda3cc79f88ed7f1795021e559582093a",
        "type": "github"
      },
      "original": {
        "owner": "cachix",
        "repo": "pre-commit-hooks.nix",
        "type": "github"
      }
    },
    "root": {
      "inputs": {
        "nixos-rk3588": "nixos-rk3588"
      }
    },
    "systems": {
      "locked": {
        "lastModified": 1681028828,
        "narHash": "sha256-Vy1rq5AaRuLzOxct8nz4T6wlgyUR7zLU309k9mBC768=",
        "owner": "nix-systems",
        "repo": "default",
        "rev": "da67096a3b9bf56a91d16901293e51ba5b49a27e",
        "type": "github"
      },
      "original": {
        "owner": "nix-systems",
        "repo": "default",
        "type": "github"
      }
    }
  },
  "root": "root",
  "version": 7
}
